<?xml version="1.0" encoding="utf-8"?>
<Project ToolsVersion="4.0" xmlns="http://schemas.microsoft.com/developer/msbuild/2003">
  <ItemGroup>
    <Filter Include="Source Files">
      <UniqueIdentifier>{4FC737F1-C7A5-4376-A066-2A32D752A2FF}</UniqueIdentifier>
      <Extensions>cpp;c;cc;cxx;def;odl;idl;hpj;bat;asm;asmx</Extensions>
    </Filter>
    <Filter Include="Header Files">
      <UniqueIdentifier>{93995380-89BD-4b04-88EB-625FBE52EBFB}</UniqueIdentifier>
      <Extensions>h;hh;hpp;hxx;hm;inl;inc;xsd</Extensions>
    </Filter>
    <Filter Include="Resource Files">
      <UniqueIdentifier>{67DA6AB6-F800-4c08-8B7A-83BB121AAD01}</UniqueIdentifier>
      <Extensions>rc;ico;cur;bmp;dlg;rc2;rct;bin;rgs;gif;jpg;jpeg;jpe;resx;tiff;tif;png;wav;mfcribbon-ms</Extensions>
    </Filter>
  </ItemGroup>
  <ItemGroup>
    <ClCompile Include="test.cpp">
      <Filter>Source Files</Filter>
    </ClCompile>
    <ClCompile Include="register.cpp">
      <Filter>Source Files</Filter>
    </ClCompile>
    <ClCompile Include="handle.cpp">
      <Filter>Source Files</Filter>
    </ClCompile>
    <ClCompile Include="xll_roots.cpp">
      <Filter>Source Files</Filter>
    </ClCompile>
    <ClCompile Include="prob.cpp">
      <Filter>Source Files</Filter>
    </ClCompile>
    <ClCompile Include="poly.cpp">
      <Filter>Source Files</Filter>
    </ClCompile>
    <ClCompile Include="xll_pwflat.cpp">
      <Filter>Source Files</Filter>
    </ClCompile>
    <ClCompile Include="xll_bootstrap.cpp">
      <Filter>Source Files</Filter>
    </ClCompile>
    <ClCompile Include="xll_nsr.cpp">
      <Filter>Source Files</Filter>
    </ClCompile>
    <ClCompile Include="xll_date.cpp">
      <Filter>Source Files</Filter>
    </ClCompile>
    <ClCompile Include="xll_instrument.cpp">
      <Filter>Source Files</Filter>
    </ClCompile>
    <ClCompile Include="xll_black.cpp">
      <Filter>Source Files</Filter>
    </ClCompile>
    <ClCompile Include="xll_correlation.cpp">
      <Filter>Source Files</Filter>
    </ClCompile>
    <ClCompile Include="xll_bbg.cpp">
      <Filter>Source Files</Filter>
    </ClCompile>
  </ItemGroup>
  <ItemGroup>
    <ClInclude Include="xll_math.h">
      <Filter>Header Files</Filter>
    </ClInclude>
    <ClInclude Include="xll_roots.h">
      <Filter>Header Files</Filter>
    </ClInclude>
    <ClInclude Include="prob.h">
      <Filter>Header Files</Filter>
    </ClInclude>
    <ClInclude Include="poly.h">
      <Filter>Header Files</Filter>
    </ClInclude>
    <ClInclude Include="fms_pwflat.h">
      <Filter>Header Files</Filter>
    </ClInclude>
    <ClInclude Include="fms_newton.h">
      <Filter>Header Files</Filter>
    </ClInclude>
    <ClInclude Include="fms_bootstrap.h">
      <Filter>Header Files</Filter>
    </ClInclude>
    <ClInclude Include="fms_nsr.h">
      <Filter>Header Files</Filter>
    </ClInclude>
    <ClInclude Include="fms_lmm.h">
      <Filter>Header Files</Filter>
    </ClInclude>
    <ClInclude Include="xll_date.h">
      <Filter>Header Files</Filter>
    </ClInclude>
    <ClInclude Include="xll_instrument.h">
      <Filter>Header Files</Filter>
    </ClInclude>
    <ClInclude Include="fms_black.h">
      <Filter>Header Files</Filter>
    </ClInclude>
    <ClInclude Include="fms_correlation.h">
      <Filter>Header Files</Filter>
    </ClInclude>
    <ClInclude Include="fms_bbg.h">
      <Filter>Header Files</Filter>
    </ClInclude>
    <ClInclude Include="xll_pwflat.h">
      <Filter>Header Files</Filter>
    </ClInclude>
  </ItemGroup>
  <ItemGroup>
    <None Include="Bell.xlsx" />
    <None Include="Hermite.xlsx" />
    <None Include="newton.xlsx" />
    <None Include="njr.xlsx" />
    <None Include="test.ruleset" />
    <None Include="usdyc.xlsx" />
  </ItemGroup>
</Project>