<?xml version="1.0" encoding="utf-8"?>
<Project ToolsVersion="4.0" xmlns="http://schemas.microsoft.com/developer/msbuild/2003">
  <ItemGroup>
    <Filter Include="Source Files">
      <UniqueIdentifier>{4FC737F1-C7A5-4376-A066-2A32D752A2FF}</UniqueIdentifier>
      <Extensions>cpp;c;cc;cxx;def;odl;idl;hpj;bat;asm;asmx</Extensions>
    </Filter>
    <Filter Include="Header Files">
      <UniqueIdentifier>{93995380-89BD-4b04-88EB-625FBE52EBFB}</UniqueIdentifier>
      <Extensions>h;hh;hpp;hxx;hm;inl;inc;xsd</Extensions>
    </Filter>
    <Filter Include="Resource Files">
      <UniqueIdentifier>{67DA6AB6-F800-4c08-8B7A-83BB121AAD01}</UniqueIdentifier>
      <Extensions>rc;ico;cur;bmp;dlg;rc2;rct;bin;rgs;gif;jpg;jpeg;jpe;resx;tiff;tif;png;wav;mfcribbon-ms</Extensions>
    </Filter>
    <Filter Include="Visualizers">
      <UniqueIdentifier>{1faa86b8-94e0-4473-81ab-5cfdf5f7b045}</UniqueIdentifier>
    </Filter>
    <Filter Include="utility">
      <UniqueIdentifier>{247b7f30-3efd-46ba-b8fe-3dbc60ec8214}</UniqueIdentifier>
    </Filter>
    <Filter Include="shfb">
      <UniqueIdentifier>{268191a5-f3ba-4acf-8ec3-499328a712a5}</UniqueIdentifier>
    </Filter>
  </ItemGroup>
  <ItemGroup>
    <ClInclude Include="xll\xll.h">
      <Filter>Header Files</Filter>
    </ClInclude>
    <ClInclude Include="xll\oper.h">
      <Filter>Header Files</Filter>
    </ClInclude>
    <ClInclude Include="xll\XLCALL.H">
      <Filter>Header Files</Filter>
    </ClInclude>
    <ClInclude Include="xll\excel.h">
      <Filter>Header Files</Filter>
    </ClInclude>
    <ClInclude Include="xll\auto.h">
      <Filter>Header Files</Filter>
    </ClInclude>
    <ClInclude Include="xll\defines.h">
      <Filter>Header Files</Filter>
    </ClInclude>
    <ClInclude Include="xll\ensure.h">
      <Filter>Header Files</Filter>
    </ClInclude>
    <ClInclude Include="xll\error.h">
      <Filter>Header Files</Filter>
    </ClInclude>
    <ClInclude Include="xll\args.h">
      <Filter>Header Files</Filter>
    </ClInclude>
    <ClInclude Include="xll\on.h">
      <Filter>Header Files</Filter>
    </ClInclude>
    <ClInclude Include="xll\handle.h">
      <Filter>Header Files</Filter>
    </ClInclude>
    <ClInclude Include="xll\addin.h">
      <Filter>Header Files</Filter>
    </ClInclude>
    <ClInclude Include="xll\fp.h">
      <Filter>Header Files</Filter>
    </ClInclude>
    <ClInclude Include="xll\test.h">
      <Filter>Header Files</Filter>
    </ClInclude>
    <ClInclude Include="xll\command.h">
      <Filter>Header Files</Filter>
    </ClInclude>
    <ClInclude Include="xll\ref.h">
      <Filter>Header Files</Filter>
    </ClInclude>
    <ClInclude Include="xll\registry.h">
      <Filter>Header Files</Filter>
    </ClInclude>
    <ClInclude Include="xll\locus.h">
      <Filter>Header Files</Filter>
    </ClInclude>
  </ItemGroup>
  <ItemGroup>
    <ClCompile Include="xll\XLCALL.CPP">
      <Filter>Source Files</Filter>
    </ClCompile>
    <ClCompile Include="xll\debug.cpp">
      <Filter>Source Files</Filter>
    </ClCompile>
    <ClCompile Include="xll\auto.cpp">
      <Filter>Source Files</Filter>
    </ClCompile>
    <ClCompile Include="xll\error.cpp">
      <Filter>Source Files</Filter>
    </ClCompile>
    <ClCompile Include="xll\dllmain.cpp">
      <Filter>Source Files</Filter>
    </ClCompile>
    <ClCompile Include="utility\this.cpp">
      <Filter>utility</Filter>
    </ClCompile>
    <ClCompile Include="utility\trace.cpp">
      <Filter>utility</Filter>
    </ClCompile>
    <ClCompile Include="utility\paste_function.cpp">
      <Filter>utility</Filter>
    </ClCompile>
    <ClCompile Include="xll\shfb\shfb.cpp">
      <Filter>shfb</Filter>
    </ClCompile>
    <ClCompile Include="xll\GetWorkbook.cpp">
      <Filter>utility</Filter>
    </ClCompile>
    <ClCompile Include="xll\GetWorkspace.cpp">
      <Filter>utility</Filter>
    </ClCompile>
  </ItemGroup>
  <ItemGroup>
    <Natvis Include="Visualizers\oper.natvis">
      <Filter>Visualizers</Filter>
    </Natvis>
    <Natvis Include="Visualizers\oper12.natvis">
      <Filter>Visualizers</Filter>
    </Natvis>
  </ItemGroup>
  <ItemGroup>
    <None Include="xll12.bat" />
    <None Include="LICENSE.md" />
    <None Include="xll\shfb\template.shfbproj">
      <Filter>shfb</Filter>
    </None>
    <None Include="xll\shfb\Content Layout.content">
      <Filter>shfb</Filter>
    </None>
    <None Include="xll\shfb\Documentation.aml">
      <Filter>shfb</Filter>
    </None>
    <None Include="xll\shfb\Function.aml">
      <Filter>shfb</Filter>
    </None>
  </ItemGroup>
  <ItemGroup>
    <Text Include="TODO.txt" />
  </ItemGroup>
</Project>