Microsoft Visual Studio Solution File, Format Version 12.00
# Visual Studio Version 16
VisualStudioVersion = 16.0.29306.81
MinimumVisualStudioVersion = 10.0.40219.1
Project("{8BC9CEB8-8B4A-11D0-8D11-00A0C91BC942}") = "xll12", "xll12.vcxproj", "{3563C165-8A72-4BE5-B8AF-FD5904C9030E}"
EndProject
Project("{2150E333-8FDC-42A3-9474-1A3956D46DE8}") = "Solution Items", "Solution Items", "{195A5FF4-1B49-477F-8B3A-45E61A96E860}"
	ProjectSection(SolutionItems) = preProject
		appveyor.yml = appveyor.yml
		winhlp.bat = winhlp.bat
	EndProjectSection
EndProject
Project("{8BC9CEB8-8B4A-11D0-8D11-00A0C91BC942}") = "sample", "sample\sample.vcxproj", "{F7E40047-4B02-434A-BB0A-8CB9CE6FA3CC}"
EndProject
Project("{8BC9CEB8-8B4A-11D0-8D11-00A0C91BC942}") = "xll.t", "xll.t\xll.t.vcxproj", "{043C5D10-0F89-4152-8904-9015EDC709FC}"
EndProject
Project("{7CF6DF6D-3B04-46F8-A40B-537D21BCA0B4}") = "sample_shfb", "sample\Debug\sample_shfb.shfbproj", "{C0987555-6461-44FD-8407-1DCB806274F1}"
EndProject
Global
	GlobalSection(SolutionConfigurationPlatforms) = preSolution
		Debug|Any CPU = Debug|Any CPU
		Debug|x64 = Debug|x64
		Debug|x86 = Debug|x86
		Release|Any CPU = Release|Any CPU
		Release|x64 = Release|x64
		Release|x86 = Release|x86
	EndGlobalSection
	GlobalSection(ProjectConfigurationPlatforms) = postSolution
		{3563C165-8A72-4BE5-B8AF-FD5904C9030E}.Debug|Any CPU.ActiveCfg = Debug|Win32
		{3563C165-8A72-4BE5-B8AF-FD5904C9030E}.Debug|x64.ActiveCfg = Debug|x64
		{3563C165-8A72-4BE5-B8AF-FD5904C9030E}.Debug|x64.Build.0 = Debug|x64
		{3563C165-8A72-4BE5-B8AF-FD5904C9030E}.Debug|x86.ActiveCfg = Debug|Win32
		{3563C165-8A72-4BE5-B8AF-FD5904C9030E}.Debug|x86.Build.0 = Debug|Win32
		{3563C165-8A72-4BE5-B8AF-FD5904C9030E}.Release|Any CPU.ActiveCfg = Release|Win32
		{3563C165-8A72-4BE5-B8AF-FD5904C9030E}.Release|x64.ActiveCfg = Release|x64
		{3563C165-8A72-4BE5-B8AF-FD5904C9030E}.Release|x64.Build.0 = Release|x64
		{3563C165-8A72-4BE5-B8AF-FD5904C9030E}.Release|x86.ActiveCfg = Release|Win32
		{3563C165-8A72-4BE5-B8AF-FD5904C9030E}.Release|x86.Build.0 = Release|Win32
		{F7E40047-4B02-434A-BB0A-8CB9CE6FA3CC}.Debug|Any CPU.ActiveCfg = Debug|Win32
		{F7E40047-4B02-434A-BB0A-8CB9CE6FA3CC}.Debug|x64.ActiveCfg = Debug|x64
		{F7E40047-4B02-434A-BB0A-8CB9CE6FA3CC}.Debug|x64.Build.0 = Debug|x64
		{F7E40047-4B02-434A-BB0A-8CB9CE6FA3CC}.Debug|x86.ActiveCfg = Debug|Win32
		{F7E40047-4B02-434A-BB0A-8CB9CE6FA3CC}.Debug|x86.Build.0 = Debug|Win32
		{F7E40047-4B02-434A-BB0A-8CB9CE6FA3CC}.Release|Any CPU.ActiveCfg = Release|Win32
		{F7E40047-4B02-434A-BB0A-8CB9CE6FA3CC}.Release|x64.ActiveCfg = Release|x64
		{F7E40047-4B02-434A-BB0A-8CB9CE6FA3CC}.Release|x64.Build.0 = Release|x64
		{F7E40047-4B02-434A-BB0A-8CB9CE6FA3CC}.Release|x86.ActiveCfg = Release|Win32
		{F7E40047-4B02-434A-BB0A-8CB9CE6FA3CC}.Release|x86.Build.0 = Release|Win32
		{043C5D10-0F89-4152-8904-9015EDC709FC}.Debug|Any CPU.ActiveCfg = Debug|Win32
		{043C5D10-0F89-4152-8904-9015EDC709FC}.Debug|x64.ActiveCfg = Debug|x64
		{043C5D10-0F89-4152-8904-9015EDC709FC}.Debug|x64.Build.0 = Debug|x64
		{043C5D10-0F89-4152-8904-9015EDC709FC}.Debug|x86.ActiveCfg = Debug|Win32
		{043C5D10-0F89-4152-8904-9015EDC709FC}.Debug|x86.Build.0 = Debug|Win32
		{043C5D10-0F89-4152-8904-9015EDC709FC}.Release|Any CPU.ActiveCfg = Release|Win32
		{043C5D10-0F89-4152-8904-9015EDC709FC}.Release|x64.ActiveCfg = Release|x64
		{043C5D10-0F89-4152-8904-9015EDC709FC}.Release|x64.Build.0 = Release|x64
		{043C5D10-0F89-4152-8904-9015EDC709FC}.Release|x86.ActiveCfg = Release|Win32
		{043C5D10-0F89-4152-8904-9015EDC709FC}.Release|x86.Build.0 = Release|Win32
		{C0987555-6461-44FD-8407-1DCB806274F1}.Debug|Any CPU.ActiveCfg = Debug|Any CPU
		{C0987555-6461-44FD-8407-1DCB806274F1}.Debug|Any CPU.Build.0 = Debug|Any CPU
		{C0987555-6461-44FD-8407-1DCB806274F1}.Debug|x64.ActiveCfg = Debug|Any CPU
		{C0987555-6461-44FD-8407-1DCB806274F1}.Debug|x64.Build.0 = Debug|Any CPU
		{C0987555-6461-44FD-8407-1DCB806274F1}.Debug|x86.ActiveCfg = Debug|Any CPU
		{C0987555-6461-44FD-8407-1DCB806274F1}.Debug|x86.Build.0 = Debug|Any CPU
		{C0987555-6461-44FD-8407-1DCB806274F1}.Release|Any CPU.ActiveCfg = Release|Any CPU
		{C0987555-6461-44FD-8407-1DCB806274F1}.Release|Any CPU.Build.0 = Release|Any CPU
		{C0987555-6461-44FD-8407-1DCB806274F1}.Release|x64.ActiveCfg = Release|Any CPU
		{C0987555-6461-44FD-8407-1DCB806274F1}.Release|x64.Build.0 = Release|Any CPU
		{C0987555-6461-44FD-8407-1DCB806274F1}.Release|x86.ActiveCfg = Release|Any CPU
		{C0987555-6461-44FD-8407-1DCB806274F1}.Release|x86.Build.0 = Release|Any CPU
	EndGlobalSection
	GlobalSection(SolutionProperties) = preSolution
		HideSolutionNode = FALSE
	EndGlobalSection
	GlobalSection(ExtensibilityGlobals) = postSolution
		SolutionGuid = {F19A8823-BDF6-4E81-86FD-8D50018BAA85}
	EndGlobalSection
EndGlobal
