
Microsoft Visual Studio Solution File, Format Version 12.00
# Visual Studio 15
VisualStudioVersion = 15.0.27130.2027
MinimumVisualStudioVersion = 10.0.40219.1
Project("{7CF6DF6D-3B04-46F8-A40B-537D21BCA0B4}") = "doc", "doc.shfbproj", "{C0987555-6461-44FD-8407-1DCB806274F1}"
EndProject
Global
	GlobalSection(SolutionConfigurationPlatforms) = preSolution
		Debug|Any CPU = Debug|Any CPU
		Release|Any CPU = Release|Any CPU
	EndGlobalSection
	GlobalSection(ProjectConfigurationPlatforms) = postSolution
		{C0987555-6461-44FD-8407-1DCB806274F1}.Debug|Any CPU.ActiveCfg = Debug|Any CPU
		{C0987555-6461-44FD-8407-1DCB806274F1}.Debug|Any CPU.Build.0 = Debug|Any CPU
		{C0987555-6461-44FD-8407-1DCB806274F1}.Release|Any CPU.ActiveCfg = Release|Any CPU
		{C0987555-6461-44FD-8407-1DCB806274F1}.Release|Any CPU.Build.0 = Release|Any CPU
	EndGlobalSection
	GlobalSection(SolutionProperties) = preSolution
		HideSolutionNode = FALSE
	EndGlobalSection
	GlobalSection(ExtensibilityGlobals) = postSolution
		SolutionGuid = {F6FFC083-14AB-4C84-BE85-39C3F9A1738B}
	EndGlobalSection
EndGlobal
